{
  "name": "export-monorepo",
  "lockfileVersion": 3,
  "requires": true,
  "packages": {
    "": {
      "name": "export-monorepo",
      "license": "MIT",
      "workspaces": [
        "packages/*"
      ]
    },
    "node_modules/@clack/core": {
      "version": "0.3.5",
      "resolved": "https://registry.npmjs.org/@clack/core/-/core-0.3.5.tgz",
      "integrity": "sha512-5cfhQNH+1VQ2xLQlmzXMqUoiaH0lRBq9/CLW9lTyMbuKLC3+xEK01tHVvyut++mLOn5urSHmkm6I0Lg9MaJSTQ==",
      "license": "MIT",
      "dependencies": {
        "picocolors": "^1.0.0",
        "sisteransi": "^1.0.5"
      }
    },
    "node_modules/@clack/prompts": {
      "version": "0.8.2",
      "resolved": "https://registry.npmjs.org/@clack/prompts/-/prompts-0.8.2.tgz",
      "integrity": "sha512-6b9Ab2UiZwJYA9iMyboYyW9yJvAO9V753ZhS+DHKEjZRKAxPPOb7MXXu84lsPFG+vZt6FRFniZ8rXi+zCIw4yQ==",
      "license": "MIT",
      "dependencies": {
        "@clack/core": "0.3.5",
        "picocolors": "^1.0.0",
        "sisteransi": "^1.0.5"
      }
    },
    "node_modules/create-export": {
      "resolved": "packages/create-export",
      "link": true
    },
    "node_modules/devalue": {
      "version": "5.6.4",
      "resolved": "https://registry.npmjs.org/devalue/-/devalue-5.6.4.tgz",
      "integrity": "sha512-Gp6rDldRsFh/7XuouDbxMH3Mx8GMCcgzIb1pDTvNyn8pZGQ22u+Wa+lGV9dQCltFQ7uVw0MhRyb8XDskNFOReA==",
      "license": "MIT"
    },
    "node_modules/export-runtime": {
      "resolved": "packages/export-runtime",
      "link": true
    },
    "node_modules/mri": {
      "version": "1.2.0",
      "resolved": "https://registry.npmjs.org/mri/-/mri-1.2.0.tgz",
      "integrity": "sha512-tzzskb3bG8LvYGFF/mDTpq3jpI6Q9wc3LEmBaghu+DdCssd1FakN7Bc0hVNmEyGq1bq3RgfkCb3cmQLpNPOroA==",
      "license": "MIT",
      "engines": {
        "node": ">=4"
      }
    },
    "node_modules/picocolors": {
      "version": "1.1.1",
      "resolved": "https://registry.npmjs.org/picocolors/-/picocolors-1.1.1.tgz",
      "integrity": "sha512-xceH2snhtb5M9liqDsmEw56le376mTZkEX/jEb/RxNFyegNul7eNslCXP9FDj/Lcu0X8KEyMceP2ntpaHrDEVA==",
      "license": "ISC"
    },
    "node_modules/sisteransi": {
      "version": "1.0.5",
      "resolved": "https://registry.npmjs.org/sisteransi/-/sisteransi-1.0.5.tgz",
      "integrity": "sha512-bLGGlR1QxBcynn2d5YmDX4MGjlZvy2MRBDRNHLJ8VI6l6+9FUiyTFNJ0IveOSP0bcXgVDPRcfGqA0pjaqUpfVg==",
      "license": "MIT"
    },
    "packages/create-export": {
      "version": "0.0.3",
      "license": "MIT",
      "dependencies": {
        "@clack/prompts": "^0.8.2",
        "mri": "^1.2.0"
      },
      "bin": {
        "create-export": "index.js"
      }
    },
    "packages/export-runtime": {
      "version": "0.0.3",
      "license": "MIT",
      "dependencies": {
        "devalue": "^5.1.1"
      }
    }
  }
}
